{
  "name": "vue-blockrain",
  "version": "1.0.0",
  "lockfileVersion": 1,
  "requires": true,
  "dependencies": {
    "blockrain": {
      "version": "github:Aerolab/blockrain.js#ba6d4192370d2ce4f75ce31796f345eb5711b489",
      "from": "github:Aerolab/blockrain.js",
      "requires": {
        "jquery": "~1.11.3"
      }
    },
    "jquery": {
      "version": "1.11.3",
      "resolved": "https://registry.npmjs.org/jquery/-/jquery-1.11.3.tgz",
      "integrity": "sha1-3Yt0J4snEC0p32Pq4oMIqM+htYM="
    }
  }
}
